// !$*UTF8*$!
{
	archiveVersion = 1;
	classes = {
	};
	objectVersion = 46;
	objects = {

/* Begin PBXBuildFile section */
		2BEDD79513D4EC5000A45EBF /* Cocoa.framework in Frameworks */ = {isa = PBXBuildFile; fileRef = 2BEDD79413D4EC5000A45EBF /* Cocoa.framework */; };
		2BEDD7C313D4ED7E00A45EBF /* CoreMedia.framework in Frameworks */ = {isa = PBXBuildFile; fileRef = 2BEDD7C013D4ED7E00A45EBF /* CoreMedia.framework */; };
		2BEDD7C413D4ED7E00A45EBF /* QuartzCore.framework in Frameworks */ = {isa = PBXBuildFile; fileRef = 2BEDD7C113D4ED7E00A45EBF /* QuartzCore.framework */; };
		2BEDD7C513D4ED7E00A45EBF /* AVFoundation.framework in Frameworks */ = {isa = PBXBuildFile; fileRef = 2BEDD7C213D4ED7E00A45EBF /* AVFoundation.framework */; };
		C919A316184E533400610B8F /* AppController.m in Sources */ = {isa = PBXBuildFile; fileRef = C919A315184E533400610B8F /* AppController.m */; };
		C919A31B184E534300610B8F /* AppControllerMonitor.xib in Resources */ = {isa = PBXBuildFile; fileRef = C919A317184E534300610B8F /* AppControllerMonitor.xib */; };
		C919A31C184E534300610B8F /* MainMenu.xib in Resources */ = {isa = PBXBuildFile; fileRef = C919A319184E534300610B8F /* MainMenu.xib */; };
		C919A320184E535400610B8F /* AppController-Info.plist in Resources */ = {isa = PBXBuildFile; fileRef = C919A31D184E535400610B8F /* AppController-Info.plist */; };
		C919A321184E535400610B8F /* main.m in Sources */ = {isa = PBXBuildFile; fileRef = C919A31F184E535400610B8F /* main.m */; };
		C919A324184E53A800610B8F /* InfoPlist.strings in Resources */ = {isa = PBXBuildFile; fileRef = C919A322184E53A800610B8F /* InfoPlist.strings */; };
		C919A326184E548B00610B8F /* AppKit.framework in Frameworks */ = {isa = PBXBuildFile; fileRef = C919A325184E548B00610B8F /* AppKit.framework */; };
		C937837E184EDF5B002A74B1 /* ScriptingBridge.framework in Frameworks */ = {isa = PBXBuildFile; fileRef = C937837D184EDF5B002A74B1 /* ScriptingBridge.framework */; };
		C94604F7184EB3EA0074B106 /* GestureDetector in Resources */ = {isa = PBXBuildFile; fileRef = C94604F6184EB3EA0074B106 /* GestureDetector */; };
		C9A79A14184F140900D16138 /* AppController.iconset in Resources */ = {isa = PBXBuildFile; fileRef = C9A79A13184F140900D16138 /* AppController.iconset */; };
/* End PBXBuildFile section */

/* Begin PBXFileReference section */
		2BEDD79013D4EC5000A45EBF /* AppController.app */ = {isa = PBXFileReference; explicitFileType = wrapper.application; includeInIndex = 0; path = AppController.app; sourceTree = BUILT_PRODUCTS_DIR; };
		2BEDD79413D4EC5000A45EBF /* Cocoa.framework */ = {isa = PBXFileReference; lastKnownFileType = wrapper.framework; name = Cocoa.framework; path = System/Library/Frameworks/Cocoa.framework; sourceTree = SDKROOT; };
		2BEDD79713D4EC5000A45EBF /* AppKit.framework */ = {isa = PBXFileReference; lastKnownFileType = wrapper.framework; name = AppKit.framework; path = System/Library/Frameworks/AppKit.framework; sourceTree = SDKROOT; };
		2BEDD79813D4EC5000A45EBF /* CoreData.framework */ = {isa = PBXFileReference; lastKnownFileType = wrapper.framework; name = CoreData.framework; path = System/Library/Frameworks/CoreData.framework; sourceTree = SDKROOT; };
		2BEDD79913D4EC5000A45EBF /* Foundation.framework */ = {isa = PBXFileReference; lastKnownFileType = wrapper.framework; name = Foundation.framework; path = System/Library/Frameworks/Foundation.framework; sourceTree = SDKROOT; };
		2BEDD7C013D4ED7E00A45EBF /* CoreMedia.framework */ = {isa = PBXFileReference; lastKnownFileType = wrapper.framework; name = CoreMedia.framework; path = System/Library/Frameworks/CoreMedia.framework; sourceTree = SDKROOT; };
		2BEDD7C113D4ED7E00A45EBF /* QuartzCore.framework */ = {isa = PBXFileReference; lastKnownFileType = wrapper.framework; name = QuartzCore.framework; path = System/Library/Frameworks/QuartzCore.framework; sourceTree = SDKROOT; };
		2BEDD7C213D4ED7E00A45EBF /* AVFoundation.framework */ = {isa = PBXFileReference; lastKnownFileType = wrapper.framework; name = AVFoundation.framework; path = System/Library/Frameworks/AVFoundation.framework; sourceTree = SDKROOT; };
		C919A314184E533400610B8F /* AppController.h */ = {isa = PBXFileReference; fileEncoding = 4; lastKnownFileType = sourcecode.c.h; name = AppController.h; path = AppController/AppController.h; sourceTree = SOURCE_ROOT; };
		C919A315184E533400610B8F /* AppController.m */ = {isa = PBXFileReference; fileEncoding = 4; lastKnownFileType = sourcecode.c.objc; name = AppController.m; path = AppController/AppController.m; sourceTree = SOURCE_ROOT; };
		C919A318184E534300610B8F /* en */ = {isa = PBXFileReference; lastKnownFileType = file.xib; name = en; path = AppController/en.lproj/AppControllerMonitor.xib; sourceTree = SOURCE_ROOT; };
		C919A31A184E534300610B8F /* en */ = {isa = PBXFileReference; lastKnownFileType = file.xib; name = en; path = AppController/en.lproj/MainMenu.xib; sourceTree = SOURCE_ROOT; };
		C919A31D184E535400610B8F /* AppController-Info.plist */ = {isa = PBXFileReference; fileEncoding = 4; lastKnownFileType = text.plist.xml; name = "AppController-Info.plist"; path = "AppController/AppController-Info.plist"; sourceTree = SOURCE_ROOT; };
		C919A31E184E535400610B8F /* AppController-Prefix.pch */ = {isa = PBXFileReference; fileEncoding = 4; lastKnownFileType = sourcecode.c.h; name = "AppController-Prefix.pch"; path = "AppController/AppController-Prefix.pch"; sourceTree = SOURCE_ROOT; };
		C919A31F184E535400610B8F /* main.m */ = {isa = PBXFileReference; fileEncoding = 4; lastKnownFileType = sourcecode.c.objc; name = main.m; path = AppController/main.m; sourceTree = SOURCE_ROOT; };
		C919A323184E53A800610B8F /* en */ = {isa = PBXFileReference; lastKnownFileType = text.plist.strings; name = en; path = AppController/en.lproj/InfoPlist.strings; sourceTree = SOURCE_ROOT; };
		C919A325184E548B00610B8F /* AppKit.framework */ = {isa = PBXFileReference; lastKnownFileType = wrapper.framework; name = AppKit.framework; path = System/Library/Frameworks/AppKit.framework; sourceTree = SDKROOT; };
		C937837C184EDF2C002A74B1 /* iTunes.h */ = {isa = PBXFileReference; fileEncoding = 4; lastKnownFileType = sourcecode.c.h; name = iTunes.h; path = AppController/iTunes.h; sourceTree = SOURCE_ROOT; };
		C937837D184EDF5B002A74B1 /* ScriptingBridge.framework */ = {isa = PBXFileReference; lastKnownFileType = wrapper.framework; name = ScriptingBridge.framework; path = System/Library/Frameworks/ScriptingBridge.framework; sourceTree = SDKROOT; };
		C94604F6184EB3EA0074B106 /* GestureDetector */ = {isa = PBXFileReference; lastKnownFileType = folder; path = GestureDetector; sourceTree = "<group>"; };
		C9A79A0D184F02A800D16138 /* Keynote.h */ = {isa = PBXFileReference; fileEncoding = 4; lastKnownFileType = sourcecode.c.h; name = Keynote.h; path = AppController/Keynote.h; sourceTree = SOURCE_ROOT; };
		C9A79A13184F140900D16138 /* AppController.iconset */ = {isa = PBXFileReference; lastKnownFileType = folder.iconset; name = AppController.iconset; path = AppController/AppController.iconset; sourceTree = SOURCE_ROOT; };
/* End PBXFileReference section */

/* Begin PBXFrameworksBuildPhase section */
		2BEDD78D13D4EC5000A45EBF /* Frameworks */ = {
			isa = PBXFrameworksBuildPhase;
			buildActionMask = 2147483647;
			files = (
				2BEDD79513D4EC5000A45EBF /* Cocoa.framework in Frameworks */,
				C937837E184EDF5B002A74B1 /* ScriptingBridge.framework in Frameworks */,
				2BEDD7C313D4ED7E00A45EBF /* CoreMedia.framework in Frameworks */,
				C919A326184E548B00610B8F /* AppKit.framework in Frameworks */,
				2BEDD7C413D4ED7E00A45EBF /* QuartzCore.framework in Frameworks */,
				2BEDD7C513D4ED7E00A45EBF /* AVFoundation.framework in Frameworks */,
			);
			runOnlyForDeploymentPostprocessing = 0;
		};
/* End PBXFrameworksBuildPhase section */

/* Begin PBXGroup section */
		2BEDD78513D4EC5000A45EBF = {
			isa = PBXGroup;
			children = (
				2BEDD79A13D4EC5000A45EBF /* AppController */,
				C94604F6184EB3EA0074B106 /* GestureDetector */,
				2BEDD79313D4EC5000A45EBF /* Frameworks */,
				2BEDD79113D4EC5000A45EBF /* Products */,
			);
			sourceTree = "<group>";
		};
		2BEDD79113D4EC5000A45EBF /* Products */ = {
			isa = PBXGroup;
			children = (
				2BEDD79013D4EC5000A45EBF /* AppController.app */,
			);
			name = Products;
			sourceTree = "<group>";
		};
		2BEDD79313D4EC5000A45EBF /* Frameworks */ = {
			isa = PBXGroup;
			children = (
				C937837D184EDF5B002A74B1 /* ScriptingBridge.framework */,
				C919A325184E548B00610B8F /* AppKit.framework */,
				2BEDD79413D4EC5000A45EBF /* Cocoa.framework */,
				2BEDD7C013D4ED7E00A45EBF /* CoreMedia.framework */,
				2BEDD7C113D4ED7E00A45EBF /* QuartzCore.framework */,
				2BEDD7C213D4ED7E00A45EBF /* AVFoundation.framework */,
				2BEDD79613D4EC5000A45EBF /* Other Frameworks */,
			);
			name = Frameworks;
			sourceTree = "<group>";
		};
		2BEDD79613D4EC5000A45EBF /* Other Frameworks */ = {
			isa = PBXGroup;
			children = (
				2BEDD79713D4EC5000A45EBF /* AppKit.framework */,
				2BEDD79813D4EC5000A45EBF /* CoreData.framework */,
				2BEDD79913D4EC5000A45EBF /* Foundation.framework */,
			);
			name = "Other Frameworks";
			sourceTree = "<group>";
		};
		2BEDD79A13D4EC5000A45EBF /* AppController */ = {
			isa = PBXGroup;
			children = (
				C919A314184E533400610B8F /* AppController.h */,
				C919A315184E533400610B8F /* AppController.m */,
				C919A319184E534300610B8F /* MainMenu.xib */,
				C919A317184E534300610B8F /* AppControllerMonitor.xib */,
				2BEDD79B13D4EC5000A45EBF /* Supporting Files */,
			);
			name = AppController;
			path = StopNGo;
			sourceTree = "<group>";
		};
		2BEDD79B13D4EC5000A45EBF /* Supporting Files */ = {
			isa = PBXGroup;
			children = (
				C9A79A13184F140900D16138 /* AppController.iconset */,
				C9A79A0D184F02A800D16138 /* Keynote.h */,
				C937837C184EDF2C002A74B1 /* iTunes.h */,
				C919A31E184E535400610B8F /* AppController-Prefix.pch */,
				C919A31F184E535400610B8F /* main.m */,
				C919A31D184E535400610B8F /* AppController-Info.plist */,
				C919A322184E53A800610B8F /* InfoPlist.strings */,
			);
			name = "Supporting Files";
			sourceTree = "<group>";
		};
/* End PBXGroup section */

/* Begin PBXNativeTarget section */
		2BEDD78F13D4EC5000A45EBF /* AppController */ = {
			isa = PBXNativeTarget;
			buildConfigurationList = 2BEDD7AE13D4EC5100A45EBF /* Build configuration list for PBXNativeTarget "AppController" */;
			buildPhases = (
				2BEDD78C13D4EC5000A45EBF /* Sources */,
				2BEDD78D13D4EC5000A45EBF /* Frameworks */,
				2BEDD78E13D4EC5000A45EBF /* Resources */,
			);
			buildRules = (
			);
			dependencies = (
			);
			name = AppController;
			productName = StopNGo;
			productReference = 2BEDD79013D4EC5000A45EBF /* AppController.app */;
			productType = "com.apple.product-type.application";
		};
/* End PBXNativeTarget section */

/* Begin PBXProject section */
		2BEDD78713D4EC5000A45EBF /* Project object */ = {
			isa = PBXProject;
			attributes = {
			};
			buildConfigurationList = 2BEDD78A13D4EC5000A45EBF /* Build configuration list for PBXProject "AppController" */;
			compatibilityVersion = "Xcode 3.2";
			developmentRegion = English;
			hasScannedForEncodings = 0;
			knownRegions = (
				en,
			);
			mainGroup = 2BEDD78513D4EC5000A45EBF;
			productRefGroup = 2BEDD79113D4EC5000A45EBF /* Products */;
			projectDirPath = "";
			projectRoot = "";
			targets = (
				2BEDD78F13D4EC5000A45EBF /* AppController */,
			);
		};
/* End PBXProject section */

/* Begin PBXResourcesBuildPhase section */
		2BEDD78E13D4EC5000A45EBF /* Resources */ = {
			isa = PBXResourcesBuildPhase;
			buildActionMask = 2147483647;
			files = (
				C94604F7184EB3EA0074B106 /* GestureDetector in Resources */,
				C9A79A14184F140900D16138 /* AppController.iconset in Resources */,
				C919A320184E535400610B8F /* AppController-Info.plist in Resources */,
				C919A324184E53A800610B8F /* InfoPlist.strings in Resources */,
				C919A31B184E534300610B8F /* AppControllerMonitor.xib in Resources */,
				C919A31C184E534300610B8F /* MainMenu.xib in Resources */,
			);
			runOnlyForDeploymentPostprocessing = 0;
		};
/* End PBXResourcesBuildPhase section */

/* Begin PBXSourcesBuildPhase section */
		2BEDD78C13D4EC5000A45EBF /* Sources */ = {
			isa = PBXSourcesBuildPhase;
			buildActionMask = 2147483647;
			files = (
				C919A321184E535400610B8F /* main.m in Sources */,
				C919A316184E533400610B8F /* AppController.m in Sources */,
			);
			runOnlyForDeploymentPostprocessing = 0;
		};
/* End PBXSourcesBuildPhase section */

/* Begin PBXVariantGroup section */
		C919A317184E534300610B8F /* AppControllerMonitor.xib */ = {
			isa = PBXVariantGroup;
			children = (
				C919A318184E534300610B8F /* en */,
			);
			name = AppControllerMonitor.xib;
			sourceTree = "<group>";
		};
		C919A319184E534300610B8F /* MainMenu.xib */ = {
			isa = PBXVariantGroup;
			children = (
				C919A31A184E534300610B8F /* en */,
			);
			name = MainMenu.xib;
			sourceTree = "<group>";
		};
		C919A322184E53A800610B8F /* InfoPlist.strings */ = {
			isa = PBXVariantGroup;
			children = (
				C919A323184E53A800610B8F /* en */,
			);
			name = InfoPlist.strings;
			sourceTree = "<group>";
		};
/* End PBXVariantGroup section */

/* Begin XCBuildConfiguration section */
		2BEDD7AC13D4EC5100A45EBF /* Debug */ = {
			isa = XCBuildConfiguration;
			buildSettings = {
				ALWAYS_SEARCH_USER_PATHS = NO;
				ARCHS = "$(ARCHS_STANDARD_64_BIT)";
				COPY_PHASE_STRIP = NO;
				GCC_C_LANGUAGE_STANDARD = gnu99;
				GCC_DYNAMIC_NO_PIC = NO;
				GCC_ENABLE_OBJC_EXCEPTIONS = YES;
				GCC_OPTIMIZATION_LEVEL = 0;
				GCC_PREPROCESSOR_DEFINITIONS = (
					"DEBUG=1",
					"$(inherited)",
				);
				GCC_SYMBOLS_PRIVATE_EXTERN = NO;
				GCC_VERSION = com.apple.compilers.llvm.clang.1_0;
				GCC_WARN_64_TO_32_BIT_CONVERSION = YES;
				GCC_WARN_ABOUT_MISSING_PROTOTYPES = YES;
				GCC_WARN_ABOUT_RETURN_TYPE = YES;
				GCC_WARN_UNUSED_VARIABLE = YES;
				MACOSX_DEPLOYMENT_TARGET = 10.7;
				ONLY_ACTIVE_ARCH = YES;
				RUN_CLANG_STATIC_ANALYZER = YES;
				SDKROOT = macosx;
			};
			name = Debug;
		};
		2BEDD7AD13D4EC5100A45EBF /* Release */ = {
			isa = XCBuildConfiguration;
			buildSettings = {
				ALWAYS_SEARCH_USER_PATHS = NO;
				ARCHS = "$(ARCHS_STANDARD_64_BIT)";
				COPY_PHASE_STRIP = YES;
				DEBUG_INFORMATION_FORMAT = "dwarf-with-dsym";
				GCC_C_LANGUAGE_STANDARD = gnu99;
				GCC_ENABLE_OBJC_EXCEPTIONS = YES;
				GCC_VERSION = com.apple.compilers.llvm.clang.1_0;
				GCC_WARN_64_TO_32_BIT_CONVERSION = YES;
				GCC_WARN_ABOUT_MISSING_PROTOTYPES = YES;
				GCC_WARN_ABOUT_RETURN_TYPE = YES;
				GCC_WARN_UNUSED_VARIABLE = YES;
				MACOSX_DEPLOYMENT_TARGET = 10.7;
				RUN_CLANG_STATIC_ANALYZER = YES;
				SDKROOT = macosx;
			};
			name = Release;
		};
		2BEDD7AF13D4EC5100A45EBF /* Debug */ = {
			isa = XCBuildConfiguration;
			buildSettings = {
				GCC_PRECOMPILE_PREFIX_HEADER = YES;
				GCC_PREFIX_HEADER = "AppController/AppController-Prefix.pch";
				INFOPLIST_FILE = "AppController/AppController-Info.plist";
				MACOSX_DEPLOYMENT_TARGET = 10.9;
				PRODUCT_NAME = AppController;
				WRAPPER_EXTENSION = app;
			};
			name = Debug;
		};
		2BEDD7B013D4EC5100A45EBF /* Release */ = {
			isa = XCBuildConfiguration;
			buildSettings = {
				GCC_PRECOMPILE_PREFIX_HEADER = YES;
				GCC_PREFIX_HEADER = "AppController/AppController-Prefix.pch";
				INFOPLIST_FILE = "AppController/AppController-Info.plist";
				MACOSX_DEPLOYMENT_TARGET = 10.9;
				PRODUCT_NAME = AppController;
				WRAPPER_EXTENSION = app;
			};
			name = Release;
		};
/* End XCBuildConfiguration section */

/* Begin XCConfigurationList section */
		2BEDD78A13D4EC5000A45EBF /* Build configuration list for PBXProject "AppController" */ = {
			isa = XCConfigurationList;
			buildConfigurations = (
				2BEDD7AC13D4EC5100A45EBF /* Debug */,
				2BEDD7AD13D4EC5100A45EBF /* Release */,
			);
			defaultConfigurationIsVisible = 0;
			defaultConfigurationName = Release;
		};
		2BEDD7AE13D4EC5100A45EBF /* Build configuration list for PBXNativeTarget "AppController" */ = {
			isa = XCConfigurationList;
			buildConfigurations = (
				2BEDD7AF13D4EC5100A45EBF /* Debug */,
				2BEDD7B013D4EC5100A45EBF /* Release */,
			);
			defaultConfigurationIsVisible = 0;
			defaultConfigurationName = Release;
		};
/* End XCConfigurationList section */
	};
	rootObject = 2BEDD78713D4EC5000A45EBF /* Project object */;
}
